
Microsoft Visual Studio Solution File, Format Version 12.00
# Visual Studio Version 16
VisualStudioVersion = 16.0.30503.244
MinimumVisualStudioVersion = 10.0.40219.1
Project("{888888A0-9F3D-457C-B088-3A5042F75D52}") = "Python4", "Python4\Python4.pyproj", "{162A4D53-9D17-4869-8B1A-F43A2895981F}"
EndProject
Global
	GlobalSection(SolutionConfigurationPlatforms) = preSolution
		Debug|Any CPU = Debug|Any CPU
		Release|Any CPU = Release|Any CPU
	EndGlobalSection
	GlobalSection(ProjectConfigurationPlatforms) = postSolution
		{162A4D53-9D17-4869-8B1A-F43A2895981F}.Debug|Any CPU.ActiveCfg = Debug|Any CPU
		{162A4D53-9D17-4869-8B1A-F43A2895981F}.Release|Any CPU.ActiveCfg = Release|Any CPU
	EndGlobalSection
	GlobalSection(SolutionProperties) = preSolution
		HideSolutionNode = FALSE
	EndGlobalSection
	GlobalSection(ExtensibilityGlobals) = postSolution
		SolutionGuid = {DEF82290-BBF5-4994-BE60-9AB42C977E4C}
	EndGlobalSection
EndGlobal
