
Microsoft Visual Studio Solution File, Format Version 12.00
# Visual Studio Version 16
VisualStudioVersion = 16.0.30503.244
MinimumVisualStudioVersion = 10.0.40219.1
Project("{8BC9CEB8-8B4A-11D0-8D11-00A0C91BC942}") = "Loot_Box", "Loot_Box\Loot_Box.vcxproj", "{C4520FD2-7F38-45DC-94CC-D121DD9EDE42}"
EndProject
Project("{8BC9CEB8-8B4A-11D0-8D11-00A0C91BC942}") = "main.h", "main.h\main.h.vcxproj", "{98ABAEC0-AB47-4C19-90D2-CE93C0738F52}"
EndProject
Global
	GlobalSection(SolutionConfigurationPlatforms) = preSolution
		Debug|x64 = Debug|x64
		Debug|x86 = Debug|x86
		Release|x64 = Release|x64
		Release|x86 = Release|x86
	EndGlobalSection
	GlobalSection(ProjectConfigurationPlatforms) = postSolution
		{C4520FD2-7F38-45DC-94CC-D121DD9EDE42}.Debug|x64.ActiveCfg = Debug|x64
		{C4520FD2-7F38-45DC-94CC-D121DD9EDE42}.Debug|x64.Build.0 = Debug|x64
		{C4520FD2-7F38-45DC-94CC-D121DD9EDE42}.Debug|x86.ActiveCfg = Debug|Win32
		{C4520FD2-7F38-45DC-94CC-D121DD9EDE42}.Debug|x86.Build.0 = Debug|Win32
		{C4520FD2-7F38-45DC-94CC-D121DD9EDE42}.Release|x64.ActiveCfg = Release|x64
		{C4520FD2-7F38-45DC-94CC-D121DD9EDE42}.Release|x64.Build.0 = Release|x64
		{C4520FD2-7F38-45DC-94CC-D121DD9EDE42}.Release|x86.ActiveCfg = Release|Win32
		{C4520FD2-7F38-45DC-94CC-D121DD9EDE42}.Release|x86.Build.0 = Release|Win32
		{98ABAEC0-AB47-4C19-90D2-CE93C0738F52}.Debug|x64.ActiveCfg = Debug|x64
		{98ABAEC0-AB47-4C19-90D2-CE93C0738F52}.Debug|x64.Build.0 = Debug|x64
		{98ABAEC0-AB47-4C19-90D2-CE93C0738F52}.Debug|x86.ActiveCfg = Debug|Win32
		{98ABAEC0-AB47-4C19-90D2-CE93C0738F52}.Debug|x86.Build.0 = Debug|Win32
		{98ABAEC0-AB47-4C19-90D2-CE93C0738F52}.Release|x64.ActiveCfg = Release|x64
		{98ABAEC0-AB47-4C19-90D2-CE93C0738F52}.Release|x64.Build.0 = Release|x64
		{98ABAEC0-AB47-4C19-90D2-CE93C0738F52}.Release|x86.ActiveCfg = Release|Win32
		{98ABAEC0-AB47-4C19-90D2-CE93C0738F52}.Release|x86.Build.0 = Release|Win32
	EndGlobalSection
	GlobalSection(SolutionProperties) = preSolution
		HideSolutionNode = FALSE
	EndGlobalSection
	GlobalSection(ExtensibilityGlobals) = postSolution
		SolutionGuid = {B9C10A3A-6358-485D-9A78-0B0A9401993C}
	EndGlobalSection
EndGlobal
