
Microsoft Visual Studio Solution File, Format Version 12.00
# Visual Studio Version 16
VisualStudioVersion = 16.0.30503.244
MinimumVisualStudioVersion = 10.0.40219.1
Project("{888888A0-9F3D-457C-B088-3A5042F75D52}") = "Fixed_amount.py", "Fixed_amount.py\Fixed_amount.py.pyproj", "{57A27AA2-4880-4A49-9523-C3120F5B4D5D}"
EndProject
Global
	GlobalSection(SolutionConfigurationPlatforms) = preSolution
		Debug|Any CPU = Debug|Any CPU
		Release|Any CPU = Release|Any CPU
	EndGlobalSection
	GlobalSection(ProjectConfigurationPlatforms) = postSolution
		{57A27AA2-4880-4A49-9523-C3120F5B4D5D}.Debug|Any CPU.ActiveCfg = Debug|Any CPU
		{57A27AA2-4880-4A49-9523-C3120F5B4D5D}.Release|Any CPU.ActiveCfg = Release|Any CPU
	EndGlobalSection
	GlobalSection(SolutionProperties) = preSolution
		HideSolutionNode = FALSE
	EndGlobalSection
	GlobalSection(ExtensibilityGlobals) = postSolution
		SolutionGuid = {C06E9990-7F16-4D31-AC6C-45F2A76794AF}
	EndGlobalSection
EndGlobal
