
Microsoft Visual Studio Solution File, Format Version 12.00
# Visual Studio Version 16
VisualStudioVersion = 16.0.30503.244
MinimumVisualStudioVersion = 10.0.40219.1
Project("{888888A0-9F3D-457C-B088-3A5042F75D52}") = "Factorization", "Factorization\Factorization.pyproj", "{9BA0F824-0FD3-46D0-8995-A1C6E2CE798F}"
EndProject
Global
	GlobalSection(SolutionConfigurationPlatforms) = preSolution
		Debug|Any CPU = Debug|Any CPU
		Release|Any CPU = Release|Any CPU
	EndGlobalSection
	GlobalSection(ProjectConfigurationPlatforms) = postSolution
		{9BA0F824-0FD3-46D0-8995-A1C6E2CE798F}.Debug|Any CPU.ActiveCfg = Debug|Any CPU
		{9BA0F824-0FD3-46D0-8995-A1C6E2CE798F}.Release|Any CPU.ActiveCfg = Release|Any CPU
	EndGlobalSection
	GlobalSection(SolutionProperties) = preSolution
		HideSolutionNode = FALSE
	EndGlobalSection
	GlobalSection(ExtensibilityGlobals) = postSolution
		SolutionGuid = {D56CC46D-735B-4540-9E5B-44E7B8CC6237}
	EndGlobalSection
EndGlobal
