
Microsoft Visual Studio Solution File, Format Version 12.00
# Visual Studio Version 16
VisualStudioVersion = 16.0.30503.244
MinimumVisualStudioVersion = 10.0.40219.1
Project("{888888A0-9F3D-457C-B088-3A5042F75D52}") = "Python5", "Python5\Python5.pyproj", "{F0A18802-E312-4E53-A18A-BB9DFC53CB48}"
EndProject
Global
	GlobalSection(SolutionConfigurationPlatforms) = preSolution
		Debug|Any CPU = Debug|Any CPU
		Release|Any CPU = Release|Any CPU
	EndGlobalSection
	GlobalSection(ProjectConfigurationPlatforms) = postSolution
		{F0A18802-E312-4E53-A18A-BB9DFC53CB48}.Debug|Any CPU.ActiveCfg = Debug|Any CPU
		{F0A18802-E312-4E53-A18A-BB9DFC53CB48}.Release|Any CPU.ActiveCfg = Release|Any CPU
	EndGlobalSection
	GlobalSection(SolutionProperties) = preSolution
		HideSolutionNode = FALSE
	EndGlobalSection
	GlobalSection(ExtensibilityGlobals) = postSolution
		SolutionGuid = {78FC0070-1F9C-46D3-9FCF-B16B051EC9FD}
	EndGlobalSection
EndGlobal
