
Microsoft Visual Studio Solution File, Format Version 12.00
# Visual Studio Version 16
VisualStudioVersion = 16.0.30503.244
MinimumVisualStudioVersion = 10.0.40219.1
Project("{8BC9CEB8-8B4A-11D0-8D11-00A0C91BC942}") = "Titanic", "Titanic\Titanic.vcxproj", "{AD3AEFF2-7371-4436-A9BB-6B03219E43FD}"
EndProject
Global
	GlobalSection(SolutionConfigurationPlatforms) = preSolution
		Debug|x64 = Debug|x64
		Debug|x86 = Debug|x86
		Release|x64 = Release|x64
		Release|x86 = Release|x86
	EndGlobalSection
	GlobalSection(ProjectConfigurationPlatforms) = postSolution
		{AD3AEFF2-7371-4436-A9BB-6B03219E43FD}.Debug|x64.ActiveCfg = Debug|x64
		{AD3AEFF2-7371-4436-A9BB-6B03219E43FD}.Debug|x64.Build.0 = Debug|x64
		{AD3AEFF2-7371-4436-A9BB-6B03219E43FD}.Debug|x86.ActiveCfg = Debug|Win32
		{AD3AEFF2-7371-4436-A9BB-6B03219E43FD}.Debug|x86.Build.0 = Debug|Win32
		{AD3AEFF2-7371-4436-A9BB-6B03219E43FD}.Release|x64.ActiveCfg = Release|x64
		{AD3AEFF2-7371-4436-A9BB-6B03219E43FD}.Release|x64.Build.0 = Release|x64
		{AD3AEFF2-7371-4436-A9BB-6B03219E43FD}.Release|x86.ActiveCfg = Release|Win32
		{AD3AEFF2-7371-4436-A9BB-6B03219E43FD}.Release|x86.Build.0 = Release|Win32
	EndGlobalSection
	GlobalSection(SolutionProperties) = preSolution
		HideSolutionNode = FALSE
	EndGlobalSection
	GlobalSection(ExtensibilityGlobals) = postSolution
		SolutionGuid = {5A1365D0-1176-4C75-8D91-3DA237C5F11C}
	EndGlobalSection
EndGlobal
