
Microsoft Visual Studio Solution File, Format Version 12.00
# Visual Studio Version 16
VisualStudioVersion = 16.0.30503.244
MinimumVisualStudioVersion = 10.0.40219.1
Project("{888888A0-9F3D-457C-B088-3A5042F75D52}") = "Power", "Power\Power.pyproj", "{7CAF2A83-BFEB-40CE-B471-B5B5ED134B61}"
EndProject
Global
	GlobalSection(SolutionConfigurationPlatforms) = preSolution
		Debug|Any CPU = Debug|Any CPU
		Release|Any CPU = Release|Any CPU
	EndGlobalSection
	GlobalSection(ProjectConfigurationPlatforms) = postSolution
		{7CAF2A83-BFEB-40CE-B471-B5B5ED134B61}.Debug|Any CPU.ActiveCfg = Debug|Any CPU
		{7CAF2A83-BFEB-40CE-B471-B5B5ED134B61}.Release|Any CPU.ActiveCfg = Release|Any CPU
	EndGlobalSection
	GlobalSection(SolutionProperties) = preSolution
		HideSolutionNode = FALSE
	EndGlobalSection
	GlobalSection(ExtensibilityGlobals) = postSolution
		SolutionGuid = {ECF479FE-6767-4B66-B435-44F28FADA6E0}
	EndGlobalSection
EndGlobal
