
Microsoft Visual Studio Solution File, Format Version 12.00
# Visual Studio Version 16
VisualStudioVersion = 16.0.30503.244
MinimumVisualStudioVersion = 10.0.40219.1
Project("{888888A0-9F3D-457C-B088-3A5042F75D52}") = "Hobby", "Hobby\Hobby.pyproj", "{213A2665-7043-4D27-92C2-A411D2BEDCD8}"
EndProject
Global
	GlobalSection(SolutionConfigurationPlatforms) = preSolution
		Debug|Any CPU = Debug|Any CPU
		Release|Any CPU = Release|Any CPU
	EndGlobalSection
	GlobalSection(ProjectConfigurationPlatforms) = postSolution
		{213A2665-7043-4D27-92C2-A411D2BEDCD8}.Debug|Any CPU.ActiveCfg = Debug|Any CPU
		{213A2665-7043-4D27-92C2-A411D2BEDCD8}.Release|Any CPU.ActiveCfg = Release|Any CPU
	EndGlobalSection
	GlobalSection(SolutionProperties) = preSolution
		HideSolutionNode = FALSE
	EndGlobalSection
	GlobalSection(ExtensibilityGlobals) = postSolution
		SolutionGuid = {435550F8-5CC4-4B10-8020-4701C2185ABC}
	EndGlobalSection
EndGlobal
